5á_/ß&&B;	4IwyÖ·¶'Fç	øËMÊŸ›Æ¨ëÅE¸<Ÿ3·ËúîBG"ù~èÄ¡‚<gZ´ÌAÅ[“#ù…–K¬Ï¬¾D’lÁB‹íjõü£#–ü¹Ê¿nàû±eý–)Á_MúÈ³5w¹=ûÙ„òö_Û–…e]¾Ý´þC~¤2*¤$ÝMËh@T8XõumýZ cGöp@½wÞœúZÎ,»”ÍÃ¦¤™ŠXÒ¨žKqe‰óT¢L¥†”åúKÄ`…³p~'Å”O/¯¸Kˆ¾gŠ¼Q3FˆŒ ,·js1NIe
–0Y®2[<xØÙzfñ|ëàóÞJ«-8Y®•Z¾¼)QO™’‰c³0dg
4S•èÁÛÖvÏQ%.1ru—xî¬§{u|¾ýfÊ¼«—‚!2°ùmS‚rï?¿·.#Ÿ§&xPà”Ð—åüq»–·Ø/¸‘X‹“¶Yo”~ëzZùfP†e³ÔžjxC…¿ÙáüjM«Äž‘ˆíEP$5ÅãƒŸüœì«»±žQvŸ'#l¿¿®L6¥0fú/âžŠåg'gu½Ò˜	˜£r6n.c>o2¨Ê—Ã*Þèö¤¡™ãÛAU"xš!0KC²4C0§sg,ÆS“#Šó'ã=0Jïôj‹®•Ù}ýÊv(èÈ¼¹1§ +ô=Æá1ìnûŠû(«ú®Â%½Ä¸âŠv[Lx *Šn¶0ºåÏÅ„eÜ™ÉÍÈdrkËd“×wí¸³=‰€J,!"–j»˜—™‰H¿ù€wŒ‘OÐæpÝ&É[ë5ŒAÛf+¦¦³õœ°é)l»`îÉ3T«(Ö Gã†Û¼‡½5¶~)P´(CUÕEåñá Cì•^ÏI?_½ÿÂÁ¡«©¶ö°GsdO¨CO7ª±¥T;¾[¿Ñ®ýTø¤0¬Ñ‚p€ó¹„èßèdo¯ ‚ƒT¼4®²üï‚“ŽÝs#Þ9/Lïf¬ËŸRT}e(ñ;MfÃa¿øžlƒ?”ûÏ*¶Ö»Ûî¡¶hÊÜž’ø‰bdA/þ9Ú|/¨ÉAQ@ÎÒÕU}Vî+53ôžŽA‡	`:æ>|{aÈøC¼²ûÒÔuÁRÄ.\.w¿Å—.VbÖÉqvlÄ="ál·¹eÄ›KÜ¾åä$b;âñÖ^ƒAGw¸¸ï¨~åEùq±žûÞI1¨Ïé³qÑÙT ª¬?„Ã¸5ê¼„»L%ð¥Ærv:žh²L‰9eë½–b?-–¢ç£—µsk‘øÉòñX€Ñ[\òíž€–ŠÆ÷	Ž«ÁÉã^=–Ë¬QøC¸ÿ´7Êb‘mí\¼C…Êì»O3ì§ƒóqÿÚ‰¢œ“‰<¸“oÉâº
¹#ÄB)}ï{Ý\(%ïX–÷­cìLp)2À